# @generated - this file is auto-generated by `mise lock` https://mise.jdx.dev/dev-tools/mise-lock.html

[[tools."pipx:cookiecutter"]]
version = "2.7.1"
backend = "pipx:cookiecutter"

[tools."pipx:cookiecutter".options]
uvx_args = "--python 3.14.6"

[[tools.python]]
version = "3.14.6"
backend = "core:python"

[tools.python."platforms.linux-arm64"]
checksum = "sha256:f177d40ca931df03f660fc006f86ad8cd2ac6e7d6b5d54edbc625103464fc4aa"
url = "https://github.com/astral-sh/python-build-standalone/releases/download/20260623/cpython-3.14.6+20260623-aarch64-unknown-linux-gnu-install_only_stripped.tar.gz"
provenance = "github-attestations"

[tools.python."platforms.linux-arm64-musl"]
checksum = "sha256:11d463be3e2d34ea67722acfd8f3f2d6d6e5b6b4d4ab27240f220628134a0141"
url = "https://github.com/astral-sh/python-build-standalone/releases/download/20260623/cpython-3.14.6+20260623-aarch64-unknown-linux-musl-install_only_stripped.tar.gz"
provenance = "github-attestations"

[tools.python."platforms.linux-x64"]
checksum = "sha256:c172314f4a8ec137a8f605289010c3d19c8b56867d968f0095074cc68efa1d29"
url = "https://github.com/astral-sh/python-build-standalone/releases/download/20260623/cpython-3.14.6+20260623-x86_64-unknown-linux-gnu-install_only_stripped.tar.gz"
provenance = "github-attestations"

[tools.python."platforms.linux-x64-musl"]
checksum = "sha256:f25064ecb3b07cfe2440b178e72001cf1e0d69a5e53625ca3a32b7ae4e2fdcc6"
url = "https://github.com/astral-sh/python-build-standalone/releases/download/20260623/cpython-3.14.6+20260623-x86_64-unknown-linux-musl-install_only_stripped.tar.gz"
provenance = "github-attestations"

[tools.python."platforms.macos-arm64"]
checksum = "sha256:35d774f61d63c1fd4f1bc9495a7ada92e500dc4382a0df8a9910eb87ea48e8cf"
url = "https://github.com/astral-sh/python-build-standalone/releases/download/20260623/cpython-3.14.6+20260623-aarch64-apple-darwin-install_only_stripped.tar.gz"
provenance = "github-attestations"

[tools.python."platforms.macos-x64"]
checksum = "sha256:12fb3ea3d6a855fe6ca1c2241702b06cb7e5939fbef09a5f54bf326e480f66af"
url = "https://github.com/astral-sh/python-build-standalone/releases/download/20260623/cpython-3.14.6+20260623-x86_64-apple-darwin-install_only_stripped.tar.gz"
provenance = "github-attestations"

[tools.python."platforms.windows-x64"]
checksum = "sha256:ec05b628ad749682d06d225780fbc02e7bbb5ce2146c9bd8e74a3659b14b693a"
url = "https://github.com/astral-sh/python-build-standalone/releases/download/20260623/cpython-3.14.6+20260623-x86_64-pc-windows-msvc-install_only_stripped.tar.gz"
provenance = "github-attestations"

[[tools.uv]]
version = "0.9.22"
backend = "aqua:astral-sh/uv"

[tools.uv."platforms.linux-arm64"]
checksum = "sha256:a400eaede62557af86bed6c5252a101aa1efd596698bb10c9400334fcc2847ec"
url = "https://github.com/astral-sh/uv/releases/download/0.9.22/uv-aarch64-unknown-linux-musl.tar.gz"
url_api = "https://api.github.com/repos/astral-sh/uv/releases/assets/336939115"
provenance = "github-attestations"

[tools.uv."platforms.linux-arm64-musl"]
checksum = "sha256:a400eaede62557af86bed6c5252a101aa1efd596698bb10c9400334fcc2847ec"
url = "https://github.com/astral-sh/uv/releases/download/0.9.22/uv-aarch64-unknown-linux-musl.tar.gz"
url_api = "https://api.github.com/repos/astral-sh/uv/releases/assets/336939115"
provenance = "github-attestations"

[tools.uv."platforms.linux-x64"]
checksum = "sha256:84d087a8e77a223d80578919894f3103f46ca7c263250c3e0478ce7c38850349"
url = "https://github.com/astral-sh/uv/releases/download/0.9.22/uv-x86_64-unknown-linux-musl.tar.gz"
url_api = "https://api.github.com/repos/astral-sh/uv/releases/assets/336939159"
provenance = "github-attestations"

[tools.uv."platforms.linux-x64-musl"]
checksum = "sha256:84d087a8e77a223d80578919894f3103f46ca7c263250c3e0478ce7c38850349"
url = "https://github.com/astral-sh/uv/releases/download/0.9.22/uv-x86_64-unknown-linux-musl.tar.gz"
url_api = "https://api.github.com/repos/astral-sh/uv/releases/assets/336939159"
provenance = "github-attestations"

[tools.uv."platforms.macos-arm64"]
checksum = "sha256:4bfc6dacc9bcc9e433a9214a658495ca082b94fd607949b6745a955f34ccbc3c"
url = "https://github.com/astral-sh/uv/releases/download/0.9.22/uv-aarch64-apple-darwin.tar.gz"
url_api = "https://api.github.com/repos/astral-sh/uv/releases/assets/336939107"
provenance = "github-attestations"

[tools.uv."platforms.macos-x64"]
checksum = "sha256:c0057ad78b475f343739b1bbe223361c1054524c9edf310ee1dc85a050207f86"
url = "https://github.com/astral-sh/uv/releases/download/0.9.22/uv-x86_64-apple-darwin.tar.gz"
url_api = "https://api.github.com/repos/astral-sh/uv/releases/assets/336939148"
provenance = "github-attestations"

[tools.uv."platforms.windows-x64"]
checksum = "sha256:93a0a244f26eec208d8ea8077e3de743d9687ad76c190342722f1f57fa629457"
url = "https://github.com/astral-sh/uv/releases/download/0.9.22/uv-x86_64-pc-windows-msvc.zip"
url_api = "https://api.github.com/repos/astral-sh/uv/releases/assets/336939154"
provenance = "github-attestations"
