# @generated - this file is auto-generated by `mise lock` https://mise.jdx.dev/dev-tools/mise-lock.html

[[tools."aqua:gittower/git-flow-next"]]
version = "1.1.0"
backend = "aqua:gittower/git-flow-next"

[tools."aqua:gittower/git-flow-next"."platforms.linux-arm64"]
checksum = "sha256:f26e631e6fd6739006aa5a077b250a2a6c1770488832cd8bb31ea9705891c84c"
url = "https://github.com/gittower/git-flow-next/releases/download/v1.1.0/git-flow-next-v1.1.0-linux-arm64.tar.gz"
url_api = "https://api.github.com/repos/gittower/git-flow-next/releases/assets/390068114"

[tools."aqua:gittower/git-flow-next"."platforms.linux-arm64-musl"]
checksum = "sha256:f26e631e6fd6739006aa5a077b250a2a6c1770488832cd8bb31ea9705891c84c"
url = "https://github.com/gittower/git-flow-next/releases/download/v1.1.0/git-flow-next-v1.1.0-linux-arm64.tar.gz"
url_api = "https://api.github.com/repos/gittower/git-flow-next/releases/assets/390068114"

[tools."aqua:gittower/git-flow-next"."platforms.linux-x64"]
checksum = "sha256:98a68e6ce525595dc94e3e3ac39d14f095edaad4de8a42513a294c50d9e190df"
url = "https://github.com/gittower/git-flow-next/releases/download/v1.1.0/git-flow-next-v1.1.0-linux-amd64.tar.gz"
url_api = "https://api.github.com/repos/gittower/git-flow-next/releases/assets/390068113"

[tools."aqua:gittower/git-flow-next"."platforms.linux-x64-musl"]
checksum = "sha256:98a68e6ce525595dc94e3e3ac39d14f095edaad4de8a42513a294c50d9e190df"
url = "https://github.com/gittower/git-flow-next/releases/download/v1.1.0/git-flow-next-v1.1.0-linux-amd64.tar.gz"
url_api = "https://api.github.com/repos/gittower/git-flow-next/releases/assets/390068113"

[tools."aqua:gittower/git-flow-next"."platforms.macos-arm64"]
checksum = "sha256:5a875c5679fd8b0f5fbfa6911817d532b08d88a516ebb6c2319fd7bd0868074d"
url = "https://github.com/gittower/git-flow-next/releases/download/v1.1.0/git-flow-next-v1.1.0-darwin-arm64.tar.gz"
url_api = "https://api.github.com/repos/gittower/git-flow-next/releases/assets/390068108"

[tools."aqua:gittower/git-flow-next"."platforms.macos-x64"]
checksum = "sha256:1268bec9c499a488254d585bde6754cd4ff8b520cb4c6827f2abbf4a00ba317d"
url = "https://github.com/gittower/git-flow-next/releases/download/v1.1.0/git-flow-next-v1.1.0-darwin-amd64.tar.gz"
url_api = "https://api.github.com/repos/gittower/git-flow-next/releases/assets/390068110"

[tools."aqua:gittower/git-flow-next"."platforms.windows-x64"]
checksum = "sha256:efc99c155c2ffd8259b2abbad69551928cbcfecf00c8b5031a12a0c67b3edb25"
url = "https://github.com/gittower/git-flow-next/releases/download/v1.1.0/git-flow-next-v1.1.0-windows-amd64.zip"
url_api = "https://api.github.com/repos/gittower/git-flow-next/releases/assets/390068109"

[[tools.node]]
version = "24.18.0"
backend = "core:node"

[tools.node."platforms.linux-arm64"]
checksum = "sha256:6b4484c2190274175df9aa8f28e2d758a819cb1c1fe6ab481e2f95b463ab8508"
url = "https://nodejs.org/dist/v24.18.0/node-v24.18.0-linux-arm64.tar.gz"

[tools.node."platforms.linux-arm64-musl"]
checksum = "sha256:b1c6c2dc31b46dd8fb2322f4fe75b07e775c5120bc37251deeea28f529d4567b"
url = "https://unofficial-builds.nodejs.org/download/release/v24.18.0/node-v24.18.0-linux-arm64-musl.tar.gz"

[tools.node."platforms.linux-x64"]
checksum = "sha256:783130984963db7ba9cbd01089eaf2c2efb055c7c1693c943174b967b3050cb8"
url = "https://nodejs.org/dist/v24.18.0/node-v24.18.0-linux-x64.tar.gz"

[tools.node."platforms.linux-x64-musl"]
checksum = "sha256:ea58409911e141ec6b19d9178efa2d9185a13295005b1cbf5521b3157eed1d95"
url = "https://unofficial-builds.nodejs.org/download/release/v24.18.0/node-v24.18.0-linux-x64-musl.tar.gz"

[tools.node."platforms.macos-arm64"]
checksum = "sha256:e1a97e14c99c803e96c7339403282ea05a499c32f8d83defe9ef5ec66f979ed1"
url = "https://nodejs.org/dist/v24.18.0/node-v24.18.0-darwin-arm64.tar.gz"

[tools.node."platforms.macos-x64"]
checksum = "sha256:dfd0dbd3e721503434df7b7205e719f61b3a3a31b2bcf9729b8b91fea240f080"
url = "https://nodejs.org/dist/v24.18.0/node-v24.18.0-darwin-x64.tar.gz"

[tools.node."platforms.windows-x64"]
checksum = "sha256:0ae68406b42d7725661da979b1403ec9926da205c6770827f33aac9d8f26e821"
url = "https://nodejs.org/dist/v24.18.0/node-v24.18.0-win-x64.zip"

[[tools."npm:@fission-ai/openspec"]]
version = "1.6.0"
backend = "npm:@fission-ai/openspec"
